// !$*UTF8*$!
{
	archiveVersion = 1;
	classes = {
	};
	objectVersion = 77;
	objects = {

/* Begin PBXContainerItemProxy section */
		213924D42D3F17FF00DF65CB /* PBXContainerItemProxy */ = {
			isa = PBXContainerItemProxy;
			containerPortal = 213924B92D3F17FE00DF65CB /* Project object */;
			proxyType = 1;
			remoteGlobalIDString = 213924C02D3F17FE00DF65CB;
			remoteInfo = Recimazing;
		};
		213924DE2D3F17FF00DF65CB /* PBXContainerItemProxy */ = {
			isa = PBXContainerItemProxy;
			containerPortal = 213924B92D3F17FE00DF65CB /* Project object */;
			proxyType = 1;
			remoteGlobalIDString = 213924C02D3F17FE00DF65CB;
			remoteInfo = Recimazing;
		};
/* End PBXContainerItemProxy section */

/* Begin PBXFileReference section */
		213924C12D3F17FE00DF65CB /* Recimazing.app */ = {isa = PBXFileReference; explicitFileType = wrapper.application; includeInIndex = 0; path = Recimazing.app; sourceTree = BUILT_PRODUCTS_DIR; };
		213924D32D3F17FF00DF65CB /* RecimazingTests.xctest */ = {isa = PBXFileReference; explicitFileType = wrapper.cfbundle; includeInIndex = 0; path = RecimazingTests.xctest; sourceTree = BUILT_PRODUCTS_DIR; };
		213924DD2D3F17FF00DF65CB /* RecimazingUITests.xctest */ = {isa = PBXFileReference; explicitFileType = wrapper.cfbundle; includeInIndex = 0; path = RecimazingUITests.xctest; sourceTree = BUILT_PRODUCTS_DIR; };
/* End PBXFileReference section */

/* Begin PBXFileSystemSynchronizedRootGroup section */
		213924C32D3F17FE00DF65CB /* Recimazing */ = {
			isa = PBXFileSystemSynchronizedRootGroup;
			path = Recimazing;
			sourceTree = "<group>";
		};
		213924D62D3F17FF00DF65CB /* RecimazingTests */ = {
			isa = PBXFileSystemSynchronizedRootGroup;
			path = RecimazingTests;
			sourceTree = "<group>";
		};
		213924E02D3F17FF00DF65CB /* RecimazingUITests */ = {
			isa = PBXFileSystemSynchronizedRootGroup;
			path = RecimazingUITests;
			sourceTree = "<group>";
		};
		21BB9B492D3F37AC008AEC8F /* RecimazingMocks */ = {
			isa = PBXFileSystemSynchronizedRootGroup;
			path = RecimazingMocks;
			sourceTree = "<group>";
		};
/* End PBXFileSystemSynchronizedRootGroup section */

/* Begin PBXFrameworksBuildPhase section */
		213924BE2D3F17FE00DF65CB /* Frameworks */ = {
			isa = PBXFrameworksBuildPhase;
			buildActionMask = 2147483647;
			files = (
			);
			runOnlyForDeploymentPostprocessing = 0;
		};
		213924D02D3F17FF00DF65CB /* Frameworks */ = {
			isa = PBXFrameworksBuildPhase;
			buildActionMask = 2147483647;
			files = (
			);
			runOnlyForDeploymentPostprocessing = 0;
		};
		213924DA2D3F17FF00DF65CB /* Frameworks */ = {
			isa = PBXFrameworksBuildPhase;
			buildActionMask = 2147483647;
			files = (
			);
			runOnlyForDeploymentPostprocessing = 0;
		};
/* End PBXFrameworksBuildPhase section */

/* Begin PBXGroup section */
		213924B82D3F17FE00DF65CB = {
			isa = PBXGroup;
			children = (
				213924C32D3F17FE00DF65CB /* Recimazing */,
				21BB9B492D3F37AC008AEC8F /* RecimazingMocks */,
				213924D62D3F17FF00DF65CB /* RecimazingTests */,
				213924E02D3F17FF00DF65CB /* RecimazingUITests */,
				213924C22D3F17FE00DF65CB /* Products */,
			);
			sourceTree = "<group>";
		};
		213924C22D3F17FE00DF65CB /* Products */ = {
			isa = PBXGroup;
			children = (
				213924C12D3F17FE00DF65CB /* Recimazing.app */,
				213924D32D3F17FF00DF65CB /* RecimazingTests.xctest */,
				213924DD2D3F17FF00DF65CB /* RecimazingUITests.xctest */,
			);
			name = Products;
			sourceTree = "<group>";
		};
/* End PBXGroup section */

/* Begin PBXNativeTarget section */
		213924C02D3F17FE00DF65CB /* Recimazing */ = {
			isa = PBXNativeTarget;
			buildConfigurationList = 213924E72D3F17FF00DF65CB /* Build configuration list for PBXNativeTarget "Recimazing" */;
			buildPhases = (
				21BB9ACD2D3F1917008AEC8F /* ShellScript */,
				213924BD2D3F17FE00DF65CB /* Sources */,
				213924BE2D3F17FE00DF65CB /* Frameworks */,
				213924BF2D3F17FE00DF65CB /* Resources */,
			);
			buildRules = (
			);
			dependencies = (
			);
			fileSystemSynchronizedGroups = (
				213924C32D3F17FE00DF65CB /* Recimazing */,
				21BB9B492D3F37AC008AEC8F /* RecimazingMocks */,
			);
			name = Recimazing;
			packageProductDependencies = (
			);
			productName = Recimazing;
			productReference = 213924C12D3F17FE00DF65CB /* Recimazing.app */;
			productType = "com.apple.product-type.application";
		};
		213924D22D3F17FF00DF65CB /* RecimazingTests */ = {
			isa = PBXNativeTarget;
			buildConfigurationList = 213924EA2D3F17FF00DF65CB /* Build configuration list for PBXNativeTarget "RecimazingTests" */;
			buildPhases = (
				213924CF2D3F17FF00DF65CB /* Sources */,
				213924D02D3F17FF00DF65CB /* Frameworks */,
				213924D12D3F17FF00DF65CB /* Resources */,
			);
			buildRules = (
			);
			dependencies = (
				213924D52D3F17FF00DF65CB /* PBXTargetDependency */,
			);
			fileSystemSynchronizedGroups = (
				213924D62D3F17FF00DF65CB /* RecimazingTests */,
			);
			name = RecimazingTests;
			packageProductDependencies = (
			);
			productName = RecimazingTests;
			productReference = 213924D32D3F17FF00DF65CB /* RecimazingTests.xctest */;
			productType = "com.apple.product-type.bundle.unit-test";
		};
		213924DC2D3F17FF00DF65CB /* RecimazingUITests */ = {
			isa = PBXNativeTarget;
			buildConfigurationList = 213924ED2D3F17FF00DF65CB /* Build configuration list for PBXNativeTarget "RecimazingUITests" */;
			buildPhases = (
				213924D92D3F17FF00DF65CB /* Sources */,
				213924DA2D3F17FF00DF65CB /* Frameworks */,
				213924DB2D3F17FF00DF65CB /* Resources */,
			);
			buildRules = (
			);
			dependencies = (
				213924DF2D3F17FF00DF65CB /* PBXTargetDependency */,
			);
			fileSystemSynchronizedGroups = (
				213924E02D3F17FF00DF65CB /* RecimazingUITests */,
			);
			name = RecimazingUITests;
			packageProductDependencies = (
			);
			productName = RecimazingUITests;
			productReference = 213924DD2D3F17FF00DF65CB /* RecimazingUITests.xctest */;
			productType = "com.apple.product-type.bundle.ui-testing";
		};
/* End PBXNativeTarget section */

/* Begin PBXProject section */
		213924B92D3F17FE00DF65CB /* Project object */ = {
			isa = PBXProject;
			attributes = {
				BuildIndependentTargetsInParallel = 1;
				LastSwiftUpdateCheck = 1620;
				LastUpgradeCheck = 1620;
				TargetAttributes = {
					213924C02D3F17FE00DF65CB = {
						CreatedOnToolsVersion = 16.2;
					};
					213924D22D3F17FF00DF65CB = {
						CreatedOnToolsVersion = 16.2;
						TestTargetID = 213924C02D3F17FE00DF65CB;
					};
					213924DC2D3F17FF00DF65CB = {
						CreatedOnToolsVersion = 16.2;
						TestTargetID = 213924C02D3F17FE00DF65CB;
					};
				};
			};
			buildConfigurationList = 213924BC2D3F17FE00DF65CB /* Build configuration list for PBXProject "Recimazing" */;
			developmentRegion = en;
			hasScannedForEncodings = 0;
			knownRegions = (
				en,
				Base,
			);
			mainGroup = 213924B82D3F17FE00DF65CB;
			minimizedProjectReferenceProxies = 1;
			preferredProjectObjectVersion = 77;
			productRefGroup = 213924C22D3F17FE00DF65CB /* Products */;
			projectDirPath = "";
			projectRoot = "";
			targets = (
				213924C02D3F17FE00DF65CB /* Recimazing */,
				213924D22D3F17FF00DF65CB /* RecimazingTests */,
				213924DC2D3F17FF00DF65CB /* RecimazingUITests */,
			);
		};
/* End PBXProject section */

/* Begin PBXResourcesBuildPhase section */
		213924BF2D3F17FE00DF65CB /* Resources */ = {
			isa = PBXResourcesBuildPhase;
			buildActionMask = 2147483647;
			files = (
			);
			runOnlyForDeploymentPostprocessing = 0;
		};
		213924D12D3F17FF00DF65CB /* Resources */ = {
			isa = PBXResourcesBuildPhase;
			buildActionMask = 2147483647;
			files = (
			);
			runOnlyForDeploymentPostprocessing = 0;
		};
		213924DB2D3F17FF00DF65CB /* Resources */ = {
			isa = PBXResourcesBuildPhase;
			buildActionMask = 2147483647;
			files = (
			);
			runOnlyForDeploymentPostprocessing = 0;
		};
/* End PBXResourcesBuildPhase section */

/* Begin PBXShellScriptBuildPhase section */
		21BB9ACD2D3F1917008AEC8F /* ShellScript */ = {
			isa = PBXShellScriptBuildPhase;
			alwaysOutOfDate = 1;
			buildActionMask = 2147483647;
			files = (
			);
			inputFileListPaths = (
			);
			inputPaths = (
			);
			outputFileListPaths = (
			);
			outputPaths = (
			);
			runOnlyForDeploymentPostprocessing = 0;
			shellPath = /bin/sh;
			shellScript = "if which swiftlint >/dev/null; then\n    swiftlint\nelse\n    echo \"warning: SwiftLint not installed, download from https://github.com/realm/SwiftLint\"\nfi\n";
		};
/* End PBXShellScriptBuildPhase section */

/* Begin PBXSourcesBuildPhase section */
		213924BD2D3F17FE00DF65CB /* Sources */ = {
			isa = PBXSourcesBuildPhase;
			buildActionMask = 2147483647;
			files = (
			);
			runOnlyForDeploymentPostprocessing = 0;
		};
		213924CF2D3F17FF00DF65CB /* Sources */ = {
			isa = PBXSourcesBuildPhase;
			buildActionMask = 2147483647;
			files = (
			);
			runOnlyForDeploymentPostprocessing = 0;
		};
		213924D92D3F17FF00DF65CB /* Sources */ = {
			isa = PBXSourcesBuildPhase;
			buildActionMask = 2147483647;
			files = (
			);
			runOnlyForDeploymentPostprocessing = 0;
		};
/* End PBXSourcesBuildPhase section */

/* Begin PBXTargetDependency section */
		213924D52D3F17FF00DF65CB /* PBXTargetDependency */ = {
			isa = PBXTargetDependency;
			target = 213924C02D3F17FE00DF65CB /* Recimazing */;
			targetProxy = 213924D42D3F17FF00DF65CB /* PBXContainerItemProxy */;
		};
		213924DF2D3F17FF00DF65CB /* PBXTargetDependency */ = {
			isa = PBXTargetDependency;
			target = 213924C02D3F17FE00DF65CB /* Recimazing */;
			targetProxy = 213924DE2D3F17FF00DF65CB /* PBXContainerItemProxy */;
		};
/* End PBXTargetDependency section */

/* Begin XCBuildConfiguration section */
		213924E52D3F17FF00DF65CB /* Debug */ = {
			isa = XCBuildConfiguration;
			buildSettings = {
				ALWAYS_SEARCH_USER_PATHS = NO;
				ASSETCATALOG_COMPILER_GENERATE_SWIFT_ASSET_SYMBOL_EXTENSIONS = YES;
				CLANG_ANALYZER_NONNULL = YES;
				CLANG_ANALYZER_NUMBER_OBJECT_CONVERSION = YES_AGGRESSIVE;
				CLANG_CXX_LANGUAGE_STANDARD = "gnu++20";
				CLANG_ENABLE_MODULES = YES;
				CLANG_ENABLE_OBJC_ARC = YES;
				CLANG_ENABLE_OBJC_WEAK = YES;
				CLANG_WARN_BLOCK_CAPTURE_AUTORELEASING = YES;
				CLANG_WARN_BOOL_CONVERSION = YES;
				CLANG_WARN_COMMA = YES;
				CLANG_WARN_CONSTANT_CONVERSION = YES;
				CLANG_WARN_DEPRECATED_OBJC_IMPLEMENTATIONS = YES;
				CLANG_WARN_DIRECT_OBJC_ISA_USAGE = YES_ERROR;
				CLANG_WARN_DOCUMENTATION_COMMENTS = YES;
				CLANG_WARN_EMPTY_BODY = YES;
				CLANG_WARN_ENUM_CONVERSION = YES;
				CLANG_WARN_INFINITE_RECURSION = YES;
				CLANG_WARN_INT_CONVERSION = YES;
				CLANG_WARN_NON_LITERAL_NULL_CONVERSION = YES;
				CLANG_WARN_OBJC_IMPLICIT_RETAIN_SELF = YES;
				CLANG_WARN_OBJC_LITERAL_CONVERSION = YES;
				CLANG_WARN_OBJC_ROOT_CLASS = YES_ERROR;
				CLANG_WARN_QUOTED_INCLUDE_IN_FRAMEWORK_HEADER = YES;
				CLANG_WARN_RANGE_LOOP_ANALYSIS = YES;
				CLANG_WARN_STRICT_PROTOTYPES = YES;
				CLANG_WARN_SUSPICIOUS_MOVE = YES;
				CLANG_WARN_UNGUARDED_AVAILABILITY = YES_AGGRESSIVE;
				CLANG_WARN_UNREACHABLE_CODE = YES;
				CLANG_WARN__DUPLICATE_METHOD_MATCH = YES;
				COPY_PHASE_STRIP = NO;
				DEBUG_INFORMATION_FORMAT = dwarf;
				ENABLE_STRICT_OBJC_MSGSEND = YES;
				ENABLE_TESTABILITY = YES;
				ENABLE_USER_SCRIPT_SANDBOXING = YES;
				GCC_C_LANGUAGE_STANDARD = gnu17;
				GCC_DYNAMIC_NO_PIC = NO;
				GCC_NO_COMMON_BLOCKS = YES;
				GCC_OPTIMIZATION_LEVEL = 0;
				GCC_PREPROCESSOR_DEFINITIONS = (
					"DEBUG=1",
					"$(inherited)",
				);
				GCC_WARN_64_TO_32_BIT_CONVERSION = YES;
				GCC_WARN_ABOUT_RETURN_TYPE = YES_ERROR;
				GCC_WARN_UNDECLARED_SELECTOR = YES;
				GCC_WARN_UNINITIALIZED_AUTOS = YES_AGGRESSIVE;
				GCC_WARN_UNUSED_FUNCTION = YES;
				GCC_WARN_UNUSED_VARIABLE = YES;
				IPHONEOS_DEPLOYMENT_TARGET = 17.6;
				LOCALIZATION_PREFERS_STRING_CATALOGS = YES;
				MTL_ENABLE_DEBUG_INFO = INCLUDE_SOURCE;
				MTL_FAST_MATH = YES;
				ONLY_ACTIVE_ARCH = YES;
				SDKROOT = iphoneos;
				SWIFT_ACTIVE_COMPILATION_CONDITIONS = "DEBUG $(inherited)";
				SWIFT_OPTIMIZATION_LEVEL = "-Onone";
			};
			name = Debug;
		};
		213924E62D3F17FF00DF65CB /* Release */ = {
			isa = XCBuildConfiguration;
			buildSettings = {
				ALWAYS_SEARCH_USER_PATHS = NO;
				ASSETCATALOG_COMPILER_GENERATE_SWIFT_ASSET_SYMBOL_EXTENSIONS = YES;
				CLANG_ANALYZER_NONNULL = YES;
				CLANG_ANALYZER_NUMBER_OBJECT_CONVERSION = YES_AGGRESSIVE;
				CLANG_CXX_LANGUAGE_STANDARD = "gnu++20";
				CLANG_ENABLE_MODULES = YES;
				CLANG_ENABLE_OBJC_ARC = YES;
				CLANG_ENABLE_OBJC_WEAK = YES;
				CLANG_WARN_BLOCK_CAPTURE_AUTORELEASING = YES;
				CLANG_WARN_BOOL_CONVERSION = YES;
				CLANG_WARN_COMMA = YES;
				CLANG_WARN_CONSTANT_CONVERSION = YES;
				CLANG_WARN_DEPRECATED_OBJC_IMPLEMENTATIONS = YES;
				CLANG_WARN_DIRECT_OBJC_ISA_USAGE = YES_ERROR;
				CLANG_WARN_DOCUMENTATION_COMMENTS = YES;
				CLANG_WARN_EMPTY_BODY = YES;
				CLANG_WARN_ENUM_CONVERSION = YES;
				CLANG_WARN_INFINITE_RECURSION = YES;
				CLANG_WARN_INT_CONVERSION = YES;
				CLANG_WARN_NON_LITERAL_NULL_CONVERSION = YES;
				CLANG_WARN_OBJC_IMPLICIT_RETAIN_SELF = YES;
				CLANG_WARN_OBJC_LITERAL_CONVERSION = YES;
				CLANG_WARN_OBJC_ROOT_CLASS = YES_ERROR;
				CLANG_WARN_QUOTED_INCLUDE_IN_FRAMEWORK_HEADER = YES;
				CLANG_WARN_RANGE_LOOP_ANALYSIS = YES;
				CLANG_WARN_STRICT_PROTOTYPES = YES;
				CLANG_WARN_SUSPICIOUS_MOVE = YES;
				CLANG_WARN_UNGUARDED_AVAILABILITY = YES_AGGRESSIVE;
				CLANG_WARN_UNREACHABLE_CODE = YES;
				CLANG_WARN__DUPLICATE_METHOD_MATCH = YES;
				COPY_PHASE_STRIP = NO;
				DEBUG_INFORMATION_FORMAT = "dwarf-with-dsym";
				ENABLE_NS_ASSERTIONS = NO;
				ENABLE_STRICT_OBJC_MSGSEND = YES;
				ENABLE_USER_SCRIPT_SANDBOXING = YES;
				GCC_C_LANGUAGE_STANDARD = gnu17;
				GCC_NO_COMMON_BLOCKS = YES;
				GCC_WARN_64_TO_32_BIT_CONVERSION = YES;
				GCC_WARN_ABOUT_RETURN_TYPE = YES_ERROR;
				GCC_WARN_UNDECLARED_SELECTOR = YES;
				GCC_WARN_UNINITIALIZED_AUTOS = YES_AGGRESSIVE;
				GCC_WARN_UNUSED_FUNCTION = YES;
				GCC_WARN_UNUSED_VARIABLE = YES;
				IPHONEOS_DEPLOYMENT_TARGET = 17.6;
				LOCALIZATION_PREFERS_STRING_CATALOGS = YES;
				MTL_ENABLE_DEBUG_INFO = NO;
				MTL_FAST_MATH = YES;
				SDKROOT = iphoneos;
				SWIFT_COMPILATION_MODE = wholemodule;
				VALIDATE_PRODUCT = YES;
			};
			name = Release;
		};
		213924E82D3F17FF00DF65CB /* Debug */ = {
			isa = XCBuildConfiguration;
			buildSettings = {
				ASSETCATALOG_COMPILER_APPICON_NAME = AppIcon;
				ASSETCATALOG_COMPILER_GLOBAL_ACCENT_COLOR_NAME = AccentColor;
				CODE_SIGN_STYLE = Automatic;
				CURRENT_PROJECT_VERSION = 1;
				DEVELOPMENT_ASSET_PATHS = "\"Recimazing/Preview Content\"";
				DEVELOPMENT_TEAM = 94GY8KNZB8;
				ENABLE_PREVIEWS = YES;
				ENABLE_USER_SCRIPT_SANDBOXING = NO;
				GENERATE_INFOPLIST_FILE = YES;
				INFOPLIST_KEY_UIApplicationSceneManifest_Generation = YES;
				INFOPLIST_KEY_UIApplicationSupportsIndirectInputEvents = YES;
				INFOPLIST_KEY_UILaunchScreen_Generation = YES;
				INFOPLIST_KEY_UISupportedInterfaceOrientations_iPad = "UIInterfaceOrientationPortrait UIInterfaceOrientationPortraitUpsideDown UIInterfaceOrientationLandscapeLeft UIInterfaceOrientationLandscapeRight";
				INFOPLIST_KEY_UISupportedInterfaceOrientations_iPhone = "UIInterfaceOrientationPortrait UIInterfaceOrientationLandscapeLeft UIInterfaceOrientationLandscapeRight";
				LD_RUNPATH_SEARCH_PATHS = (
					"$(inherited)",
					"@executable_path/Frameworks",
				);
				MARKETING_VERSION = 1.0;
				PRODUCT_BUNDLE_IDENTIFIER = com.douglevin.Recimazing;
				PRODUCT_NAME = "$(TARGET_NAME)";
				SWIFT_EMIT_LOC_STRINGS = YES;
				SWIFT_VERSION = 5.0;
				TARGETED_DEVICE_FAMILY = "1,2";
			};
			name = Debug;
		};
		213924E92D3F17FF00DF65CB /* Release */ = {
			isa = XCBuildConfiguration;
			buildSettings = {
				ASSETCATALOG_COMPILER_APPICON_NAME = AppIcon;
				ASSETCATALOG_COMPILER_GLOBAL_ACCENT_COLOR_NAME = AccentColor;
				CODE_SIGN_STYLE = Automatic;
				CURRENT_PROJECT_VERSION = 1;
				DEVELOPMENT_ASSET_PATHS = "\"Recimazing/Preview Content\"";
				DEVELOPMENT_TEAM = 94GY8KNZB8;
				ENABLE_PREVIEWS = YES;
				ENABLE_USER_SCRIPT_SANDBOXING = NO;
				GENERATE_INFOPLIST_FILE = YES;
				INFOPLIST_KEY_UIApplicationSceneManifest_Generation = YES;
				INFOPLIST_KEY_UIApplicationSupportsIndirectInputEvents = YES;
				INFOPLIST_KEY_UILaunchScreen_Generation = YES;
				INFOPLIST_KEY_UISupportedInterfaceOrientations_iPad = "UIInterfaceOrientationPortrait UIInterfaceOrientationPortraitUpsideDown UIInterfaceOrientationLandscapeLeft UIInterfaceOrientationLandscapeRight";
				INFOPLIST_KEY_UISupportedInterfaceOrientations_iPhone = "UIInterfaceOrientationPortrait UIInterfaceOrientationLandscapeLeft UIInterfaceOrientationLandscapeRight";
				LD_RUNPATH_SEARCH_PATHS = (
					"$(inherited)",
					"@executable_path/Frameworks",
				);
				MARKETING_VERSION = 1.0;
				PRODUCT_BUNDLE_IDENTIFIER = com.douglevin.Recimazing;
				PRODUCT_NAME = "$(TARGET_NAME)";
				SWIFT_EMIT_LOC_STRINGS = YES;
				SWIFT_VERSION = 5.0;
				TARGETED_DEVICE_FAMILY = "1,2";
			};
			name = Release;
		};
		213924EB2D3F17FF00DF65CB /* Debug */ = {
			isa = XCBuildConfiguration;
			buildSettings = {
				BUNDLE_LOADER = "$(TEST_HOST)";
				CODE_SIGN_STYLE = Automatic;
				CURRENT_PROJECT_VERSION = 1;
				DEVELOPMENT_TEAM = 94GY8KNZB8;
				GENERATE_INFOPLIST_FILE = YES;
				IPHONEOS_DEPLOYMENT_TARGET = 17.6;
				MARKETING_VERSION = 1.0;
				PRODUCT_BUNDLE_IDENTIFIER = com.douglevin.RecimazingTests;
				PRODUCT_NAME = "$(TARGET_NAME)";
				SWIFT_EMIT_LOC_STRINGS = NO;
				SWIFT_VERSION = 5.0;
				TARGETED_DEVICE_FAMILY = "1,2";
				TEST_HOST = "$(BUILT_PRODUCTS_DIR)/Recimazing.app/$(BUNDLE_EXECUTABLE_FOLDER_PATH)/Recimazing";
			};
			name = Debug;
		};
		213924EC2D3F17FF00DF65CB /* Release */ = {
			isa = XCBuildConfiguration;
			buildSettings = {
				BUNDLE_LOADER = "$(TEST_HOST)";
				CODE_SIGN_STYLE = Automatic;
				CURRENT_PROJECT_VERSION = 1;
				DEVELOPMENT_TEAM = 94GY8KNZB8;
				GENERATE_INFOPLIST_FILE = YES;
				IPHONEOS_DEPLOYMENT_TARGET = 17.6;
				MARKETING_VERSION = 1.0;
				PRODUCT_BUNDLE_IDENTIFIER = com.douglevin.RecimazingTests;
				PRODUCT_NAME = "$(TARGET_NAME)";
				SWIFT_EMIT_LOC_STRINGS = NO;
				SWIFT_VERSION = 5.0;
				TARGETED_DEVICE_FAMILY = "1,2";
				TEST_HOST = "$(BUILT_PRODUCTS_DIR)/Recimazing.app/$(BUNDLE_EXECUTABLE_FOLDER_PATH)/Recimazing";
			};
			name = Release;
		};
		213924EE2D3F17FF00DF65CB /* Debug */ = {
			isa = XCBuildConfiguration;
			buildSettings = {
				CODE_SIGN_STYLE = Automatic;
				CURRENT_PROJECT_VERSION = 1;
				DEVELOPMENT_TEAM = 94GY8KNZB8;
				GENERATE_INFOPLIST_FILE = YES;
				MARKETING_VERSION = 1.0;
				PRODUCT_BUNDLE_IDENTIFIER = com.douglevin.RecimazingUITests;
				PRODUCT_NAME = "$(TARGET_NAME)";
				SWIFT_EMIT_LOC_STRINGS = NO;
				SWIFT_VERSION = 5.0;
				TARGETED_DEVICE_FAMILY = "1,2";
				TEST_TARGET_NAME = Recimazing;
			};
			name = Debug;
		};
		213924EF2D3F17FF00DF65CB /* Release */ = {
			isa = XCBuildConfiguration;
			buildSettings = {
				CODE_SIGN_STYLE = Automatic;
				CURRENT_PROJECT_VERSION = 1;
				DEVELOPMENT_TEAM = 94GY8KNZB8;
				GENERATE_INFOPLIST_FILE = YES;
				MARKETING_VERSION = 1.0;
				PRODUCT_BUNDLE_IDENTIFIER = com.douglevin.RecimazingUITests;
				PRODUCT_NAME = "$(TARGET_NAME)";
				SWIFT_EMIT_LOC_STRINGS = NO;
				SWIFT_VERSION = 5.0;
				TARGETED_DEVICE_FAMILY = "1,2";
				TEST_TARGET_NAME = Recimazing;
			};
			name = Release;
		};
/* End XCBuildConfiguration section */

/* Begin XCConfigurationList section */
		213924BC2D3F17FE00DF65CB /* Build configuration list for PBXProject "Recimazing" */ = {
			isa = XCConfigurationList;
			buildConfigurations = (
				213924E52D3F17FF00DF65CB /* Debug */,
				213924E62D3F17FF00DF65CB /* Release */,
			);
			defaultConfigurationIsVisible = 0;
			defaultConfigurationName = Release;
		};
		213924E72D3F17FF00DF65CB /* Build configuration list for PBXNativeTarget "Recimazing" */ = {
			isa = XCConfigurationList;
			buildConfigurations = (
				213924E82D3F17FF00DF65CB /* Debug */,
				213924E92D3F17FF00DF65CB /* Release */,
			);
			defaultConfigurationIsVisible = 0;
			defaultConfigurationName = Release;
		};
		213924EA2D3F17FF00DF65CB /* Build configuration list for PBXNativeTarget "RecimazingTests" */ = {
			isa = XCConfigurationList;
			buildConfigurations = (
				213924EB2D3F17FF00DF65CB /* Debug */,
				213924EC2D3F17FF00DF65CB /* Release */,
			);
			defaultConfigurationIsVisible = 0;
			defaultConfigurationName = Release;
		};
		213924ED2D3F17FF00DF65CB /* Build configuration list for PBXNativeTarget "RecimazingUITests" */ = {
			isa = XCConfigurationList;
			buildConfigurations = (
				213924EE2D3F17FF00DF65CB /* Debug */,
				213924EF2D3F17FF00DF65CB /* Release */,
			);
			defaultConfigurationIsVisible = 0;
			defaultConfigurationName = Release;
		};
/* End XCConfigurationList section */
	};
	rootObject = 213924B92D3F17FE00DF65CB /* Project object */;
}
